// !$*UTF8*$!
{
	archiveVersion = 1;
	classes = {
	};
	objectVersion = 70;
	objects = {

/* Begin PBXBuildFile section */
		1AD28D302C3D85E2008AC5F7 /* RealityKitContent in Frameworks */ = {isa = PBXBuildFile; productRef = 1AD28D2F2C3D85E2008AC5F7 /* RealityKitContent */; };
/* End PBXBuildFile section */

/* Begin PBXContainerItemProxy section */
		1AD28D462C3D85EB008AC5F7 /* PBXContainerItemProxy */ = {
			isa = PBXContainerItemProxy;
			containerPortal = 1AD28D222C3D85E2008AC5F7 /* Project object */;
			proxyType = 1;
			remoteGlobalIDString = 1AD28D292C3D85E2008AC5F7;
			remoteInfo = VisionOS2SampleVolumeOrnaments;
		};
/* End PBXContainerItemProxy section */

/* Begin PBXFileReference section */
		1AD28D2A2C3D85E2008AC5F7 /* VisionOS2SampleVolumeOrnaments.app */ = {isa = PBXFileReference; explicitFileType = wrapper.application; includeInIndex = 0; path = VisionOS2SampleVolumeOrnaments.app; sourceTree = BUILT_PRODUCTS_DIR; };
		1AD28D2E2C3D85E2008AC5F7 /* RealityKitContent */ = {isa = PBXFileReference; lastKnownFileType = wrapper; path = RealityKitContent; sourceTree = "<group>"; };
		1AD28D452C3D85EB008AC5F7 /* VisionOS2SampleVolumeOrnamentsTests.xctest */ = {isa = PBXFileReference; explicitFileType = wrapper.cfbundle; includeInIndex = 0; path = VisionOS2SampleVolumeOrnamentsTests.xctest; sourceTree = BUILT_PRODUCTS_DIR; };
/* End PBXFileReference section */

/* Begin PBXFileSystemSynchronizedBuildFileExceptionSet section */
		1AD28D4B2C3D85EB008AC5F7 /* PBXFileSystemSynchronizedBuildFileExceptionSet */ = {
			isa = PBXFileSystemSynchronizedBuildFileExceptionSet;
			membershipExceptions = (
				Info.plist,
			);
			target = 1AD28D292C3D85E2008AC5F7 /* VisionOS2SampleVolumeOrnaments */;
		};
/* End PBXFileSystemSynchronizedBuildFileExceptionSet section */

/* Begin PBXFileSystemSynchronizedRootGroup section */
		1AD28D2C2C3D85E2008AC5F7 /* VisionOS2SampleVolumeOrnaments */ = {isa = PBXFileSystemSynchronizedRootGroup; exceptions = (1AD28D4B2C3D85EB008AC5F7 /* PBXFileSystemSynchronizedBuildFileExceptionSet */, ); explicitFileTypes = {}; explicitFolders = (); path = VisionOS2SampleVolumeOrnaments; sourceTree = "<group>"; };
		1AD28D482C3D85EB008AC5F7 /* VisionOS2SampleVolumeOrnamentsTests */ = {isa = PBXFileSystemSynchronizedRootGroup; explicitFileTypes = {}; explicitFolders = (); path = VisionOS2SampleVolumeOrnamentsTests; sourceTree = "<group>"; };
/* End PBXFileSystemSynchronizedRootGroup section */

/* Begin PBXFrameworksBuildPhase section */
		1AD28D272C3D85E2008AC5F7 /* Frameworks */ = {
			isa = PBXFrameworksBuildPhase;
			buildActionMask = 2147483647;
			files = (
				1AD28D302C3D85E2008AC5F7 /* RealityKitContent in Frameworks */,
			);
			runOnlyForDeploymentPostprocessing = 0;
		};
		1AD28D422C3D85EB008AC5F7 /* Frameworks */ = {
			isa = PBXFrameworksBuildPhase;
			buildActionMask = 2147483647;
			files = (
			);
			runOnlyForDeploymentPostprocessing = 0;
		};
/* End PBXFrameworksBuildPhase section */

/* Begin PBXGroup section */
		1AD28D212C3D85E2008AC5F7 = {
			isa = PBXGroup;
			children = (
				1AD28D2C2C3D85E2008AC5F7 /* VisionOS2SampleVolumeOrnaments */,
				1AD28D2D2C3D85E2008AC5F7 /* Packages */,
				1AD28D482C3D85EB008AC5F7 /* VisionOS2SampleVolumeOrnamentsTests */,
				1AD28D2B2C3D85E2008AC5F7 /* Products */,
			);
			sourceTree = "<group>";
		};
		1AD28D2B2C3D85E2008AC5F7 /* Products */ = {
			isa = PBXGroup;
			children = (
				1AD28D2A2C3D85E2008AC5F7 /* VisionOS2SampleVolumeOrnaments.app */,
				1AD28D452C3D85EB008AC5F7 /* VisionOS2SampleVolumeOrnamentsTests.xctest */,
			);
			name = Products;
			sourceTree = "<group>";
		};
		1AD28D2D2C3D85E2008AC5F7 /* Packages */ = {
			isa = PBXGroup;
			children = (
				1AD28D2E2C3D85E2008AC5F7 /* RealityKitContent */,
			);
			path = Packages;
			sourceTree = "<group>";
		};
/* End PBXGroup section */

/* Begin PBXNativeTarget section */
		1AD28D292C3D85E2008AC5F7 /* VisionOS2SampleVolumeOrnaments */ = {
			isa = PBXNativeTarget;
			buildConfigurationList = 1AD28D4C2C3D85EB008AC5F7 /* Build configuration list for PBXNativeTarget "VisionOS2SampleVolumeOrnaments" */;
			buildPhases = (
				1AD28D262C3D85E2008AC5F7 /* Sources */,
				1AD28D272C3D85E2008AC5F7 /* Frameworks */,
				1AD28D282C3D85E2008AC5F7 /* Resources */,
			);
			buildRules = (
			);
			dependencies = (
			);
			fileSystemSynchronizedGroups = (
				1AD28D2C2C3D85E2008AC5F7 /* VisionOS2SampleVolumeOrnaments */,
			);
			name = VisionOS2SampleVolumeOrnaments;
			packageProductDependencies = (
				1AD28D2F2C3D85E2008AC5F7 /* RealityKitContent */,
			);
			productName = VisionOS2SampleVolumeOrnaments;
			productReference = 1AD28D2A2C3D85E2008AC5F7 /* VisionOS2SampleVolumeOrnaments.app */;
			productType = "com.apple.product-type.application";
		};
		1AD28D442C3D85EB008AC5F7 /* VisionOS2SampleVolumeOrnamentsTests */ = {
			isa = PBXNativeTarget;
			buildConfigurationList = 1AD28D512C3D85EB008AC5F7 /* Build configuration list for PBXNativeTarget "VisionOS2SampleVolumeOrnamentsTests" */;
			buildPhases = (
				1AD28D412C3D85EB008AC5F7 /* Sources */,
				1AD28D422C3D85EB008AC5F7 /* Frameworks */,
				1AD28D432C3D85EB008AC5F7 /* Resources */,
			);
			buildRules = (
			);
			dependencies = (
				1AD28D472C3D85EB008AC5F7 /* PBXTargetDependency */,
			);
			fileSystemSynchronizedGroups = (
				1AD28D482C3D85EB008AC5F7 /* VisionOS2SampleVolumeOrnamentsTests */,
			);
			name = VisionOS2SampleVolumeOrnamentsTests;
			packageProductDependencies = (
			);
			productName = VisionOS2SampleVolumeOrnamentsTests;
			productReference = 1AD28D452C3D85EB008AC5F7 /* VisionOS2SampleVolumeOrnamentsTests.xctest */;
			productType = "com.apple.product-type.bundle.unit-test";
		};
/* End PBXNativeTarget section */

/* Begin PBXProject section */
		1AD28D222C3D85E2008AC5F7 /* Project object */ = {
			isa = PBXProject;
			attributes = {
				BuildIndependentTargetsInParallel = 1;
				LastSwiftUpdateCheck = 1600;
				LastUpgradeCheck = 1600;
				TargetAttributes = {
					1AD28D292C3D85E2008AC5F7 = {
						CreatedOnToolsVersion = 16.0;
					};
					1AD28D442C3D85EB008AC5F7 = {
						CreatedOnToolsVersion = 16.0;
						TestTargetID = 1AD28D292C3D85E2008AC5F7;
					};
				};
			};
			buildConfigurationList = 1AD28D252C3D85E2008AC5F7 /* Build configuration list for PBXProject "VisionOS2SampleVolumeOrnaments" */;
			compatibilityVersion = "Xcode 15.0";
			developmentRegion = en;
			hasScannedForEncodings = 0;
			knownRegions = (
				en,
				Base,
			);
			mainGroup = 1AD28D212C3D85E2008AC5F7;
			productRefGroup = 1AD28D2B2C3D85E2008AC5F7 /* Products */;
			projectDirPath = "";
			projectRoot = "";
			targets = (
				1AD28D292C3D85E2008AC5F7 /* VisionOS2SampleVolumeOrnaments */,
				1AD28D442C3D85EB008AC5F7 /* VisionOS2SampleVolumeOrnamentsTests */,
			);
		};
/* End PBXProject section */

/* Begin PBXResourcesBuildPhase section */
		1AD28D282C3D85E2008AC5F7 /* Resources */ = {
			isa = PBXResourcesBuildPhase;
			buildActionMask = 2147483647;
			files = (
			);
			runOnlyForDeploymentPostprocessing = 0;
		};
		1AD28D432C3D85EB008AC5F7 /* Resources */ = {
			isa = PBXResourcesBuildPhase;
			buildActionMask = 2147483647;
			files = (
			);
			runOnlyForDeploymentPostprocessing = 0;
		};
/* End PBXResourcesBuildPhase section */

/* Begin PBXSourcesBuildPhase section */
		1AD28D262C3D85E2008AC5F7 /* Sources */ = {
			isa = PBXSourcesBuildPhase;
			buildActionMask = 2147483647;
			files = (
			);
			runOnlyForDeploymentPostprocessing = 0;
		};
		1AD28D412C3D85EB008AC5F7 /* Sources */ = {
			isa = PBXSourcesBuildPhase;
			buildActionMask = 2147483647;
			files = (
			);
			runOnlyForDeploymentPostprocessing = 0;
		};
/* End PBXSourcesBuildPhase section */

/* Begin PBXTargetDependency section */
		1AD28D472C3D85EB008AC5F7 /* PBXTargetDependency */ = {
			isa = PBXTargetDependency;
			target = 1AD28D292C3D85E2008AC5F7 /* VisionOS2SampleVolumeOrnaments */;
			targetProxy = 1AD28D462C3D85EB008AC5F7 /* PBXContainerItemProxy */;
		};
/* End PBXTargetDependency section */

/* Begin XCBuildConfiguration section */
		1AD28D4D2C3D85EB008AC5F7 /* Debug */ = {
			isa = XCBuildConfiguration;
			buildSettings = {
				ASSETCATALOG_COMPILER_APPICON_NAME = AppIcon;
				ASSETCATALOG_COMPILER_GLOBAL_ACCENT_COLOR_NAME = AccentColor;
				CODE_SIGN_STYLE = Automatic;
				CURRENT_PROJECT_VERSION = 1;
				DEVELOPMENT_ASSET_PATHS = "\"VisionOS2SampleVolumeOrnaments/Preview Content\"";
				DEVELOPMENT_TEAM = ED5R9E794B;
				ENABLE_PREVIEWS = YES;
				GENERATE_INFOPLIST_FILE = YES;
				INFOPLIST_FILE = "$(TARGET_NAME)/Info.plist";
				LD_RUNPATH_SEARCH_PATHS = (
					"$(inherited)",
					"@executable_path/Frameworks",
				);
				MARKETING_VERSION = 1.0;
				PRODUCT_BUNDLE_IDENTIFIER = jp.co.1planet.visionos.sample.volume.ornaments.VisionOS2SampleVolumeOrnaments;
				PRODUCT_NAME = "$(TARGET_NAME)";
				SUPPORTED_PLATFORMS = "xros xrsimulator";
				SWIFT_EMIT_LOC_STRINGS = YES;
				SWIFT_VERSION = 5.0;
				TARGETED_DEVICE_FAMILY = 7;
			};
			name = Debug;
		};
		1AD28D4E2C3D85EB008AC5F7 /* Release */ = {
			isa = XCBuildConfiguration;
			buildSettings = {
				ASSETCATALOG_COMPILER_APPICON_NAME = AppIcon;
				ASSETCATALOG_COMPILER_GLOBAL_ACCENT_COLOR_NAME = AccentColor;
				CODE_SIGN_STYLE = Automatic;
				CURRENT_PROJECT_VERSION = 1;
				DEVELOPMENT_ASSET_PATHS = "\"VisionOS2SampleVolumeOrnaments/Preview Content\"";
				DEVELOPMENT_TEAM = ED5R9E794B;
				ENABLE_PREVIEWS = YES;
				GENERATE_INFOPLIST_FILE = YES;
				INFOPLIST_FILE = "$(TARGET_NAME)/Info.plist";
				LD_RUNPATH_SEARCH_PATHS = (
					"$(inherited)",
					"@executable_path/Frameworks",
				);
				MARKETING_VERSION = 1.0;
				PRODUCT_BUNDLE_IDENTIFIER = jp.co.1planet.visionos.sample.volume.ornaments.VisionOS2SampleVolumeOrnaments;
				PRODUCT_NAME = "$(TARGET_NAME)";
				SUPPORTED_PLATFORMS = "xros xrsimulator";
				SWIFT_EMIT_LOC_STRINGS = YES;
				SWIFT_VERSION = 5.0;
				TARGETED_DEVICE_FAMILY = 7;
			};
			name = Release;
		};
		1AD28D4F2C3D85EB008AC5F7 /* Debug */ = {
			isa = XCBuildConfiguration;
			buildSettings = {
				ALWAYS_SEARCH_USER_PATHS = NO;
				ASSETCATALOG_COMPILER_GENERATE_SWIFT_ASSET_SYMBOL_EXTENSIONS = YES;
				CLANG_ANALYZER_NONNULL = YES;
				CLANG_ANALYZER_NUMBER_OBJECT_CONVERSION = YES_AGGRESSIVE;
				CLANG_CXX_LANGUAGE_STANDARD = "gnu++20";
				CLANG_ENABLE_MODULES = YES;
				CLANG_ENABLE_OBJC_ARC = YES;
				CLANG_ENABLE_OBJC_WEAK = YES;
				CLANG_WARN_BLOCK_CAPTURE_AUTORELEASING = YES;
				CLANG_WARN_BOOL_CONVERSION = YES;
				CLANG_WARN_COMMA = YES;
				CLANG_WARN_CONSTANT_CONVERSION = YES;
				CLANG_WARN_DEPRECATED_OBJC_IMPLEMENTATIONS = YES;
				CLANG_WARN_DIRECT_OBJC_ISA_USAGE = YES_ERROR;
				CLANG_WARN_DOCUMENTATION_COMMENTS = YES;
				CLANG_WARN_EMPTY_BODY = YES;
				CLANG_WARN_ENUM_CONVERSION = YES;
				CLANG_WARN_INFINITE_RECURSION = YES;
				CLANG_WARN_INT_CONVERSION = YES;
				CLANG_WARN_NON_LITERAL_NULL_CONVERSION = YES;
				CLANG_WARN_OBJC_IMPLICIT_RETAIN_SELF = YES;
				CLANG_WARN_OBJC_LITERAL_CONVERSION = YES;
				CLANG_WARN_OBJC_ROOT_CLASS = YES_ERROR;
				CLANG_WARN_QUOTED_INCLUDE_IN_FRAMEWORK_HEADER = YES;
				CLANG_WARN_RANGE_LOOP_ANALYSIS = YES;
				CLANG_WARN_STRICT_PROTOTYPES = YES;
				CLANG_WARN_SUSPICIOUS_MOVE = YES;
				CLANG_WARN_UNGUARDED_AVAILABILITY = YES_AGGRESSIVE;
				CLANG_WARN_UNREACHABLE_CODE = YES;
				CLANG_WARN__DUPLICATE_METHOD_MATCH = YES;
				COPY_PHASE_STRIP = NO;
				DEBUG_INFORMATION_FORMAT = dwarf;
				ENABLE_STRICT_OBJC_MSGSEND = YES;
				ENABLE_TESTABILITY = YES;
				ENABLE_USER_SCRIPT_SANDBOXING = YES;
				GCC_C_LANGUAGE_STANDARD = gnu17;
				GCC_DYNAMIC_NO_PIC = NO;
				GCC_NO_COMMON_BLOCKS = YES;
				GCC_OPTIMIZATION_LEVEL = 0;
				GCC_PREPROCESSOR_DEFINITIONS = (
					"DEBUG=1",
					"$(inherited)",
				);
				GCC_WARN_64_TO_32_BIT_CONVERSION = YES;
				GCC_WARN_ABOUT_RETURN_TYPE = YES_ERROR;
				GCC_WARN_UNDECLARED_SELECTOR = YES;
				GCC_WARN_UNINITIALIZED_AUTOS = YES_AGGRESSIVE;
				GCC_WARN_UNUSED_FUNCTION = YES;
				GCC_WARN_UNUSED_VARIABLE = YES;
				LOCALIZATION_PREFERS_STRING_CATALOGS = YES;
				MTL_ENABLE_DEBUG_INFO = INCLUDE_SOURCE;
				MTL_FAST_MATH = YES;
				ONLY_ACTIVE_ARCH = YES;
				SDKROOT = xros;
				SWIFT_ACTIVE_COMPILATION_CONDITIONS = "DEBUG $(inherited)";
				SWIFT_OPTIMIZATION_LEVEL = "-Onone";
				XROS_DEPLOYMENT_TARGET = 2.0;
			};
			name = Debug;
		};
		1AD28D502C3D85EB008AC5F7 /* Release */ = {
			isa = XCBuildConfiguration;
			buildSettings = {
				ALWAYS_SEARCH_USER_PATHS = NO;
				ASSETCATALOG_COMPILER_GENERATE_SWIFT_ASSET_SYMBOL_EXTENSIONS = YES;
				CLANG_ANALYZER_NONNULL = YES;
				CLANG_ANALYZER_NUMBER_OBJECT_CONVERSION = YES_AGGRESSIVE;
				CLANG_CXX_LANGUAGE_STANDARD = "gnu++20";
				CLANG_ENABLE_MODULES = YES;
				CLANG_ENABLE_OBJC_ARC = YES;
				CLANG_ENABLE_OBJC_WEAK = YES;
				CLANG_WARN_BLOCK_CAPTURE_AUTORELEASING = YES;
				CLANG_WARN_BOOL_CONVERSION = YES;
				CLANG_WARN_COMMA = YES;
				CLANG_WARN_CONSTANT_CONVERSION = YES;
				CLANG_WARN_DEPRECATED_OBJC_IMPLEMENTATIONS = YES;
				CLANG_WARN_DIRECT_OBJC_ISA_USAGE = YES_ERROR;
				CLANG_WARN_DOCUMENTATION_COMMENTS = YES;
				CLANG_WARN_EMPTY_BODY = YES;
				CLANG_WARN_ENUM_CONVERSION = YES;
				CLANG_WARN_INFINITE_RECURSION = YES;
				CLANG_WARN_INT_CONVERSION = YES;
				CLANG_WARN_NON_LITERAL_NULL_CONVERSION = YES;
				CLANG_WARN_OBJC_IMPLICIT_RETAIN_SELF = YES;
				CLANG_WARN_OBJC_LITERAL_CONVERSION = YES;
				CLANG_WARN_OBJC_ROOT_CLASS = YES_ERROR;
				CLANG_WARN_QUOTED_INCLUDE_IN_FRAMEWORK_HEADER = YES;
				CLANG_WARN_RANGE_LOOP_ANALYSIS = YES;
				CLANG_WARN_STRICT_PROTOTYPES = YES;
				CLANG_WARN_SUSPICIOUS_MOVE = YES;
				CLANG_WARN_UNGUARDED_AVAILABILITY = YES_AGGRESSIVE;
				CLANG_WARN_UNREACHABLE_CODE = YES;
				CLANG_WARN__DUPLICATE_METHOD_MATCH = YES;
				COPY_PHASE_STRIP = NO;
				DEBUG_INFORMATION_FORMAT = "dwarf-with-dsym";
				ENABLE_NS_ASSERTIONS = NO;
				ENABLE_STRICT_OBJC_MSGSEND = YES;
				ENABLE_USER_SCRIPT_SANDBOXING = YES;
				GCC_C_LANGUAGE_STANDARD = gnu17;
				GCC_NO_COMMON_BLOCKS = YES;
				GCC_WARN_64_TO_32_BIT_CONVERSION = YES;
				GCC_WARN_ABOUT_RETURN_TYPE = YES_ERROR;
				GCC_WARN_UNDECLARED_SELECTOR = YES;
				GCC_WARN_UNINITIALIZED_AUTOS = YES_AGGRESSIVE;
				GCC_WARN_UNUSED_FUNCTION = YES;
				GCC_WARN_UNUSED_VARIABLE = YES;
				LOCALIZATION_PREFERS_STRING_CATALOGS = YES;
				MTL_ENABLE_DEBUG_INFO = NO;
				MTL_FAST_MATH = YES;
				SDKROOT = xros;
				SWIFT_COMPILATION_MODE = wholemodule;
				VALIDATE_PRODUCT = YES;
				XROS_DEPLOYMENT_TARGET = 2.0;
			};
			name = Release;
		};
		1AD28D522C3D85EB008AC5F7 /* Debug */ = {
			isa = XCBuildConfiguration;
			buildSettings = {
				BUNDLE_LOADER = "$(TEST_HOST)";
				CODE_SIGN_STYLE = Automatic;
				CURRENT_PROJECT_VERSION = 1;
				DEVELOPMENT_TEAM = ED5R9E794B;
				GENERATE_INFOPLIST_FILE = YES;
				MARKETING_VERSION = 1.0;
				PRODUCT_BUNDLE_IDENTIFIER = jp.co.1planet.visionos.sample.volume.ornaments.VisionOS2SampleVolumeOrnamentsTests;
				PRODUCT_NAME = "$(TARGET_NAME)";
				SUPPORTED_PLATFORMS = "xros xrsimulator";
				SWIFT_EMIT_LOC_STRINGS = NO;
				SWIFT_VERSION = 5.0;
				TARGETED_DEVICE_FAMILY = 7;
				TEST_HOST = "$(BUILT_PRODUCTS_DIR)/VisionOS2SampleVolumeOrnaments.app/$(BUNDLE_EXECUTABLE_FOLDER_PATH)/VisionOS2SampleVolumeOrnaments";
				XROS_DEPLOYMENT_TARGET = 2.0;
			};
			name = Debug;
		};
		1AD28D532C3D85EB008AC5F7 /* Release */ = {
			isa = XCBuildConfiguration;
			buildSettings = {
				BUNDLE_LOADER = "$(TEST_HOST)";
				CODE_SIGN_STYLE = Automatic;
				CURRENT_PROJECT_VERSION = 1;
				DEVELOPMENT_TEAM = ED5R9E794B;
				GENERATE_INFOPLIST_FILE = YES;
				MARKETING_VERSION = 1.0;
				PRODUCT_BUNDLE_IDENTIFIER = jp.co.1planet.visionos.sample.volume.ornaments.VisionOS2SampleVolumeOrnamentsTests;
				PRODUCT_NAME = "$(TARGET_NAME)";
				SUPPORTED_PLATFORMS = "xros xrsimulator";
				SWIFT_EMIT_LOC_STRINGS = NO;
				SWIFT_VERSION = 5.0;
				TARGETED_DEVICE_FAMILY = 7;
				TEST_HOST = "$(BUILT_PRODUCTS_DIR)/VisionOS2SampleVolumeOrnaments.app/$(BUNDLE_EXECUTABLE_FOLDER_PATH)/VisionOS2SampleVolumeOrnaments";
				XROS_DEPLOYMENT_TARGET = 2.0;
			};
			name = Release;
		};
/* End XCBuildConfiguration section */

/* Begin XCConfigurationList section */
		1AD28D252C3D85E2008AC5F7 /* Build configuration list for PBXProject "VisionOS2SampleVolumeOrnaments" */ = {
			isa = XCConfigurationList;
			buildConfigurations = (
				1AD28D4F2C3D85EB008AC5F7 /* Debug */,
				1AD28D502C3D85EB008AC5F7 /* Release */,
			);
			defaultConfigurationIsVisible = 0;
			defaultConfigurationName = Release;
		};
		1AD28D4C2C3D85EB008AC5F7 /* Build configuration list for PBXNativeTarget "VisionOS2SampleVolumeOrnaments" */ = {
			isa = XCConfigurationList;
			buildConfigurations = (
				1AD28D4D2C3D85EB008AC5F7 /* Debug */,
				1AD28D4E2C3D85EB008AC5F7 /* Release */,
			);
			defaultConfigurationIsVisible = 0;
			defaultConfigurationName = Release;
		};
		1AD28D512C3D85EB008AC5F7 /* Build configuration list for PBXNativeTarget "VisionOS2SampleVolumeOrnamentsTests" */ = {
			isa = XCConfigurationList;
			buildConfigurations = (
				1AD28D522C3D85EB008AC5F7 /* Debug */,
				1AD28D532C3D85EB008AC5F7 /* Release */,
			);
			defaultConfigurationIsVisible = 0;
			defaultConfigurationName = Release;
		};
/* End XCConfigurationList section */

/* Begin XCSwiftPackageProductDependency section */
		1AD28D2F2C3D85E2008AC5F7 /* RealityKitContent */ = {
			isa = XCSwiftPackageProductDependency;
			productName = RealityKitContent;
		};
/* End XCSwiftPackageProductDependency section */
	};
	rootObject = 1AD28D222C3D85E2008AC5F7 /* Project object */;
}
